
Microsoft Visual Studio Solution File, Format Version 12.00
# Visual Studio Version 16
VisualStudioVersion = 16.0.29926.136
MinimumVisualStudioVersion = 10.0.40219.1
Project("{FAE04EC0-301F-11D3-BF4B-00C04F79EFBC}") = "TestGithub", "TestGithub\TestGithub.csproj", "{B4A29746-EE24-46CA-B9C1-2B5BA72086CC}"
EndProject
Global
	GlobalSection(SolutionConfigurationPlatforms) = preSolution
		Debug|Any CPU = Debug|Any CPU
		Release|Any CPU = Release|Any CPU
	EndGlobalSection
	GlobalSection(ProjectConfigurationPlatforms) = postSolution
		{B4A29746-EE24-46CA-B9C1-2B5BA72086CC}.Debug|Any CPU.ActiveCfg = Debug|Any CPU
		{B4A29746-EE24-46CA-B9C1-2B5BA72086CC}.Debug|Any CPU.Build.0 = Debug|Any CPU
		{B4A29746-EE24-46CA-B9C1-2B5BA72086CC}.Release|Any CPU.ActiveCfg = Release|Any CPU
		{B4A29746-EE24-46CA-B9C1-2B5BA72086CC}.Release|Any CPU.Build.0 = Release|Any CPU
	EndGlobalSection
	GlobalSection(SolutionProperties) = preSolution
		HideSolutionNode = FALSE
	EndGlobalSection
	GlobalSection(ExtensibilityGlobals) = postSolution
		SolutionGuid = {728667FA-3C78-4148-AF9E-8B5C7E4EBCFB}
	EndGlobalSection
EndGlobal
